
Microsoft Visual Studio Solution File, Format Version 12.00
# Visual Studio Version 17
VisualStudioVersion = 17.4.33213.308
MinimumVisualStudioVersion = 10.0.40219.1
Project("{FAE04EC0-301F-11D3-BF4B-00C04F79EFBC}") = "Ec4-FinalGrupal", "Ec4-FinalGrupal\Ec4-FinalGrupal.csproj", "{44E281A4-A547-4FED-974D-F43B67C84E20}"
EndProject
Project("{FAE04EC0-301F-11D3-BF4B-00C04F79EFBC}") = "objCine", "objCine\objCine.csproj", "{21D4C2F7-FF74-4614-A19C-CA9D96BFF70F}"
EndProject
Global
	GlobalSection(SolutionConfigurationPlatforms) = preSolution
		Debug|Any CPU = Debug|Any CPU
		Release|Any CPU = Release|Any CPU
	EndGlobalSection
	GlobalSection(ProjectConfigurationPlatforms) = postSolution
		{44E281A4-A547-4FED-974D-F43B67C84E20}.Debug|Any CPU.ActiveCfg = Debug|Any CPU
		{44E281A4-A547-4FED-974D-F43B67C84E20}.Debug|Any CPU.Build.0 = Debug|Any CPU
		{44E281A4-A547-4FED-974D-F43B67C84E20}.Release|Any CPU.ActiveCfg = Release|Any CPU
		{44E281A4-A547-4FED-974D-F43B67C84E20}.Release|Any CPU.Build.0 = Release|Any CPU
		{21D4C2F7-FF74-4614-A19C-CA9D96BFF70F}.Debug|Any CPU.ActiveCfg = Debug|Any CPU
		{21D4C2F7-FF74-4614-A19C-CA9D96BFF70F}.Debug|Any CPU.Build.0 = Debug|Any CPU
		{21D4C2F7-FF74-4614-A19C-CA9D96BFF70F}.Release|Any CPU.ActiveCfg = Release|Any CPU
		{21D4C2F7-FF74-4614-A19C-CA9D96BFF70F}.Release|Any CPU.Build.0 = Release|Any CPU
	EndGlobalSection
	GlobalSection(SolutionProperties) = preSolution
		HideSolutionNode = FALSE
	EndGlobalSection
	GlobalSection(ExtensibilityGlobals) = postSolution
		SolutionGuid = {2F19B9EF-BF60-4E5C-8A4C-B024CD86AFAB}
	EndGlobalSection
EndGlobal
